
Microsoft Visual Studio Solution File, Format Version 12.00
# Visual Studio 15
VisualStudioVersion = 15.0.27428.2037
MinimumVisualStudioVersion = 10.0.40219.1
Project("{FAE04EC0-301F-11D3-BF4B-00C04F79EFBC}") = "visionsample-msteams", "visionsample-msteams\visionsample-msteams.csproj", "{46E9EDD8-FCA6-4ED7-B74A-E52C222EE24E}"
EndProject
Global
	GlobalSection(SolutionConfigurationPlatforms) = preSolution
		Debug|Any CPU = Debug|Any CPU
		Release|Any CPU = Release|Any CPU
	EndGlobalSection
	GlobalSection(ProjectConfigurationPlatforms) = postSolution
		{46E9EDD8-FCA6-4ED7-B74A-E52C222EE24E}.Debug|Any CPU.ActiveCfg = Debug|Any CPU
		{46E9EDD8-FCA6-4ED7-B74A-E52C222EE24E}.Debug|Any CPU.Build.0 = Debug|Any CPU
		{46E9EDD8-FCA6-4ED7-B74A-E52C222EE24E}.Release|Any CPU.ActiveCfg = Release|Any CPU
		{46E9EDD8-FCA6-4ED7-B74A-E52C222EE24E}.Release|Any CPU.Build.0 = Release|Any CPU
	EndGlobalSection
	GlobalSection(SolutionProperties) = preSolution
		HideSolutionNode = FALSE
	EndGlobalSection
	GlobalSection(ExtensibilityGlobals) = postSolution
		SolutionGuid = {CC09B8F0-6EA2-4F16-945A-C527FD367ECD}
	EndGlobalSection
EndGlobal
